
Microsoft Visual Studio Solution File, Format Version 12.00
# Visual Studio Version 16
VisualStudioVersion = 16.0.30804.86
MinimumVisualStudioVersion = 10.0.40219.1
Project("{FAE04EC0-301F-11D3-BF4B-00C04F79EFBC}") = "FeriaVirtual.Domain", "FeriaVirtual.Domain\FeriaVirtual.Domain.csproj", "{5B36843E-C510-45AB-9739-CE05FABB386C}"
EndProject
Project("{FAE04EC0-301F-11D3-BF4B-00C04F79EFBC}") = "FeriaVirtual.Application", "FeriaVirtual.Application\FeriaVirtual.Application.csproj", "{B96374F1-51BF-414B-8294-E20BC07D6338}"
EndProject
Project("{FAE04EC0-301F-11D3-BF4B-00C04F79EFBC}") = "FeriaVirtual.Infrastructure", "FeriaVirtual.Infrastructure\FeriaVirtual.Infrastructure.csproj", "{9451AA53-B9CB-485C-B69C-0AED03D03008}"
EndProject
Project("{FAE04EC0-301F-11D3-BF4B-00C04F79EFBC}") = "FeriaVirtual.IOC", "FeriaVirtual.IOC\FeriaVirtual.IOC.csproj", "{52F1F8D3-D7DB-4716-AF36-5E559CD398FD}"
EndProject
Global
	GlobalSection(SolutionConfigurationPlatforms) = preSolution
		Debug|Any CPU = Debug|Any CPU
		Release|Any CPU = Release|Any CPU
	EndGlobalSection
	GlobalSection(ProjectConfigurationPlatforms) = postSolution
		{5B36843E-C510-45AB-9739-CE05FABB386C}.Debug|Any CPU.ActiveCfg = Debug|Any CPU
		{5B36843E-C510-45AB-9739-CE05FABB386C}.Debug|Any CPU.Build.0 = Debug|Any CPU
		{5B36843E-C510-45AB-9739-CE05FABB386C}.Release|Any CPU.ActiveCfg = Release|Any CPU
		{5B36843E-C510-45AB-9739-CE05FABB386C}.Release|Any CPU.Build.0 = Release|Any CPU
		{B96374F1-51BF-414B-8294-E20BC07D6338}.Debug|Any CPU.ActiveCfg = Debug|Any CPU
		{B96374F1-51BF-414B-8294-E20BC07D6338}.Debug|Any CPU.Build.0 = Debug|Any CPU
		{B96374F1-51BF-414B-8294-E20BC07D6338}.Release|Any CPU.ActiveCfg = Release|Any CPU
		{B96374F1-51BF-414B-8294-E20BC07D6338}.Release|Any CPU.Build.0 = Release|Any CPU
		{9451AA53-B9CB-485C-B69C-0AED03D03008}.Debug|Any CPU.ActiveCfg = Debug|Any CPU
		{9451AA53-B9CB-485C-B69C-0AED03D03008}.Debug|Any CPU.Build.0 = Debug|Any CPU
		{9451AA53-B9CB-485C-B69C-0AED03D03008}.Release|Any CPU.ActiveCfg = Release|Any CPU
		{9451AA53-B9CB-485C-B69C-0AED03D03008}.Release|Any CPU.Build.0 = Release|Any CPU
		{52F1F8D3-D7DB-4716-AF36-5E559CD398FD}.Debug|Any CPU.ActiveCfg = Debug|Any CPU
		{52F1F8D3-D7DB-4716-AF36-5E559CD398FD}.Debug|Any CPU.Build.0 = Debug|Any CPU
		{52F1F8D3-D7DB-4716-AF36-5E559CD398FD}.Release|Any CPU.ActiveCfg = Release|Any CPU
		{52F1F8D3-D7DB-4716-AF36-5E559CD398FD}.Release|Any CPU.Build.0 = Release|Any CPU
	EndGlobalSection
	GlobalSection(SolutionProperties) = preSolution
		HideSolutionNode = FALSE
	EndGlobalSection
	GlobalSection(ExtensibilityGlobals) = postSolution
		SolutionGuid = {8D820CA1-0AC7-4668-8D0E-1B9A9B733617}
	EndGlobalSection
EndGlobal
