
Microsoft Visual Studio Solution File, Format Version 12.00
# Visual Studio Version 16
VisualStudioVersion = 16.0.31112.23
MinimumVisualStudioVersion = 10.0.40219.1
Project("{2150E333-8FDC-42A3-9474-1A3956D46DE8}") = "FeriaVirtual.Application", "FeriaVirtual.Application", "{CA610366-4D5B-42EF-9050-D4962930D09F}"
EndProject
Project("{2150E333-8FDC-42A3-9474-1A3956D46DE8}") = "FeriaVirtual.Domain", "FeriaVirtual.Domain", "{1C021F13-9CA7-4387-8B26-3FF5724AFA5C}"
EndProject
Project("{2150E333-8FDC-42A3-9474-1A3956D46DE8}") = "FeriaVirtual.Infrastructure", "FeriaVirtual.Infrastructure", "{94DC21DC-5C78-4CD4-977C-5689C21A7662}"
EndProject
Project("{9A19103F-16F7-4668-BE54-9A1E7A4F7556}") = "Domain", "Domain\Domain.csproj", "{9F1E70A5-5D86-4240-B40C-E8598B483D79}"
EndProject
Project("{9A19103F-16F7-4668-BE54-9A1E7A4F7556}") = "Application", "Application\Application.csproj", "{C98E4CCE-0C1E-43F7-9AD2-69F456BD0D69}"
EndProject
Project("{9A19103F-16F7-4668-BE54-9A1E7A4F7556}") = "Infraestructure", "Infraestructure\Infraestructure.csproj", "{4628CADE-8FC7-4C78-8738-E11214C8EA2C}"
EndProject
Project("{9A19103F-16F7-4668-BE54-9A1E7A4F7556}") = "Infrastructure.IOC", "Infrastructure.IOC\Infrastructure.IOC.csproj", "{CE4DA71A-C28A-41D6-B80C-9A1CB8353C86}"
EndProject
Project("{2150E333-8FDC-42A3-9474-1A3956D46DE8}") = "FeriaVirtual.Presentation", "FeriaVirtual.Presentation", "{CF8D8F74-CC65-4A6C-ABCD-ABBAEFFF03A8}"
EndProject
Project("{2150E333-8FDC-42A3-9474-1A3956D46DE8}") = "Solution Items", "Solution Items", "{A256B66F-D934-4E25-BF7B-5D5067D67D1E}"
	ProjectSection(SolutionItems) = preProject
		.editorconfig = .editorconfig
	EndProjectSection
EndProject
Project("{2150E333-8FDC-42A3-9474-1A3956D46DE8}") = "Apis", "Apis", "{D5954B77-8A8F-4ACA-BFC1-C3A9A2CF603E}"
EndProject
Project("{9A19103F-16F7-4668-BE54-9A1E7A4F7556}") = "LocalApi", "Presentation\Apis\LocalApi\LocalApi.csproj", "{2D45DA13-EEFC-4950-A20E-6CCF84548705}"
EndProject
Project("{FAE04EC0-301F-11D3-BF4B-00C04F79EFBC}") = "Desktop", "Presentation\Desktop\Desktop.csproj", "{B98DF549-2982-40DF-89DB-DD7BE3187639}"
EndProject
Project("{2150E333-8FDC-42A3-9474-1A3956D46DE8}") = "FeriaVirtual.LocalApi", "FeriaVirtual.LocalApi", "{757737D3-25CD-46B5-A27E-BACAE6C7BB61}"
EndProject
Global
	GlobalSection(SolutionConfigurationPlatforms) = preSolution
		Debug|Any CPU = Debug|Any CPU
		Release|Any CPU = Release|Any CPU
	EndGlobalSection
	GlobalSection(ProjectConfigurationPlatforms) = postSolution
		{9F1E70A5-5D86-4240-B40C-E8598B483D79}.Debug|Any CPU.ActiveCfg = Debug|Any CPU
		{9F1E70A5-5D86-4240-B40C-E8598B483D79}.Debug|Any CPU.Build.0 = Debug|Any CPU
		{9F1E70A5-5D86-4240-B40C-E8598B483D79}.Release|Any CPU.ActiveCfg = Release|Any CPU
		{9F1E70A5-5D86-4240-B40C-E8598B483D79}.Release|Any CPU.Build.0 = Release|Any CPU
		{C98E4CCE-0C1E-43F7-9AD2-69F456BD0D69}.Debug|Any CPU.ActiveCfg = Debug|Any CPU
		{C98E4CCE-0C1E-43F7-9AD2-69F456BD0D69}.Debug|Any CPU.Build.0 = Debug|Any CPU
		{C98E4CCE-0C1E-43F7-9AD2-69F456BD0D69}.Release|Any CPU.ActiveCfg = Release|Any CPU
		{C98E4CCE-0C1E-43F7-9AD2-69F456BD0D69}.Release|Any CPU.Build.0 = Release|Any CPU
		{4628CADE-8FC7-4C78-8738-E11214C8EA2C}.Debug|Any CPU.ActiveCfg = Debug|Any CPU
		{4628CADE-8FC7-4C78-8738-E11214C8EA2C}.Debug|Any CPU.Build.0 = Debug|Any CPU
		{4628CADE-8FC7-4C78-8738-E11214C8EA2C}.Release|Any CPU.ActiveCfg = Release|Any CPU
		{4628CADE-8FC7-4C78-8738-E11214C8EA2C}.Release|Any CPU.Build.0 = Release|Any CPU
		{CE4DA71A-C28A-41D6-B80C-9A1CB8353C86}.Debug|Any CPU.ActiveCfg = Debug|Any CPU
		{CE4DA71A-C28A-41D6-B80C-9A1CB8353C86}.Debug|Any CPU.Build.0 = Debug|Any CPU
		{CE4DA71A-C28A-41D6-B80C-9A1CB8353C86}.Release|Any CPU.ActiveCfg = Release|Any CPU
		{CE4DA71A-C28A-41D6-B80C-9A1CB8353C86}.Release|Any CPU.Build.0 = Release|Any CPU
		{2D45DA13-EEFC-4950-A20E-6CCF84548705}.Debug|Any CPU.ActiveCfg = Debug|Any CPU
		{2D45DA13-EEFC-4950-A20E-6CCF84548705}.Debug|Any CPU.Build.0 = Debug|Any CPU
		{2D45DA13-EEFC-4950-A20E-6CCF84548705}.Release|Any CPU.ActiveCfg = Release|Any CPU
		{2D45DA13-EEFC-4950-A20E-6CCF84548705}.Release|Any CPU.Build.0 = Release|Any CPU
		{B98DF549-2982-40DF-89DB-DD7BE3187639}.Debug|Any CPU.ActiveCfg = Debug|Any CPU
		{B98DF549-2982-40DF-89DB-DD7BE3187639}.Debug|Any CPU.Build.0 = Debug|Any CPU
		{B98DF549-2982-40DF-89DB-DD7BE3187639}.Release|Any CPU.ActiveCfg = Release|Any CPU
		{B98DF549-2982-40DF-89DB-DD7BE3187639}.Release|Any CPU.Build.0 = Release|Any CPU
	EndGlobalSection
	GlobalSection(SolutionProperties) = preSolution
		HideSolutionNode = FALSE
	EndGlobalSection
	GlobalSection(NestedProjects) = preSolution
		{9F1E70A5-5D86-4240-B40C-E8598B483D79} = {1C021F13-9CA7-4387-8B26-3FF5724AFA5C}
		{C98E4CCE-0C1E-43F7-9AD2-69F456BD0D69} = {CA610366-4D5B-42EF-9050-D4962930D09F}
		{4628CADE-8FC7-4C78-8738-E11214C8EA2C} = {94DC21DC-5C78-4CD4-977C-5689C21A7662}
		{CE4DA71A-C28A-41D6-B80C-9A1CB8353C86} = {94DC21DC-5C78-4CD4-977C-5689C21A7662}
		{D5954B77-8A8F-4ACA-BFC1-C3A9A2CF603E} = {CF8D8F74-CC65-4A6C-ABCD-ABBAEFFF03A8}
		{2D45DA13-EEFC-4950-A20E-6CCF84548705} = {757737D3-25CD-46B5-A27E-BACAE6C7BB61}
		{B98DF549-2982-40DF-89DB-DD7BE3187639} = {CF8D8F74-CC65-4A6C-ABCD-ABBAEFFF03A8}
		{757737D3-25CD-46B5-A27E-BACAE6C7BB61} = {D5954B77-8A8F-4ACA-BFC1-C3A9A2CF603E}
	EndGlobalSection
	GlobalSection(ExtensibilityGlobals) = postSolution
		SolutionGuid = {A6314D5F-EE6B-4D5B-82D1-34D3CE8484F6}
	EndGlobalSection
EndGlobal
